// !$*UTF8*$!
{
	archiveVersion = 1;
	classes = {
	};
	objectVersion = 50;
	objects = {

/* Begin PBXBuildFile section */
		D4DC3079253ABE4700529209 /* AppDelegate.swift in Sources */ = {isa = PBXBuildFile; fileRef = D4DC3078253ABE4700529209 /* AppDelegate.swift */; };
		D4DC307B253ABE4700529209 /* SceneDelegate.swift in Sources */ = {isa = PBXBuildFile; fileRef = D4DC307A253ABE4700529209 /* SceneDelegate.swift */; };
		D4DC307D253ABE4700529209 /* ViewController.swift in Sources */ = {isa = PBXBuildFile; fileRef = D4DC307C253ABE4700529209 /* ViewController.swift */; };
		D4DC3080253ABE4700529209 /* Main.storyboard in Resources */ = {isa = PBXBuildFile; fileRef = D4DC307E253ABE4700529209 /* Main.storyboard */; };
		D4DC3082253ABE4700529209 /* Assets.xcassets in Resources */ = {isa = PBXBuildFile; fileRef = D4DC3081253ABE4700529209 /* Assets.xcassets */; };
		D4DC3085253ABE4700529209 /* LaunchScreen.storyboard in Resources */ = {isa = PBXBuildFile; fileRef = D4DC3083253ABE4700529209 /* LaunchScreen.storyboard */; };
		D4DC308E253AC17200529209 /* AutoLayoutPractice.storyboard in Resources */ = {isa = PBXBuildFile; fileRef = D4DC308D253AC17200529209 /* AutoLayoutPractice.storyboard */; };
/* End PBXBuildFile section */

/* Begin PBXFileReference section */
		D4DC3075253ABE4700529209 /* SOPT_iOS_2TH_Seminar.app */ = {isa = PBXFileReference; explicitFileType = wrapper.application; includeInIndex = 0; path = SOPT_iOS_2TH_Seminar.app; sourceTree = BUILT_PRODUCTS_DIR; };
		D4DC3078253ABE4700529209 /* AppDelegate.swift */ = {isa = PBXFileReference; lastKnownFileType = sourcecode.swift; path = AppDelegate.swift; sourceTree = "<group>"; };
		D4DC307A253ABE4700529209 /* SceneDelegate.swift */ = {isa = PBXFileReference; lastKnownFileType = sourcecode.swift; path = SceneDelegate.swift; sourceTree = "<group>"; };
		D4DC307C253ABE4700529209 /* ViewController.swift */ = {isa = PBXFileReference; lastKnownFileType = sourcecode.swift; path = ViewController.swift; sourceTree = "<group>"; };
		D4DC307F253ABE4700529209 /* Base */ = {isa = PBXFileReference; lastKnownFileType = file.storyboard; name = Base; path = Base.lproj/Main.storyboard; sourceTree = "<group>"; };
		D4DC3081253ABE4700529209 /* Assets.xcassets */ = {isa = PBXFileReference; lastKnownFileType = folder.assetcatalog; path = Assets.xcassets; sourceTree = "<group>"; };
		D4DC3084253ABE4700529209 /* Base */ = {isa = PBXFileReference; lastKnownFileType = file.storyboard; name = Base; path = Base.lproj/LaunchScreen.storyboard; sourceTree = "<group>"; };
		D4DC3086253ABE4700529209 /* Info.plist */ = {isa = PBXFileReference; lastKnownFileType = text.plist.xml; path = Info.plist; sourceTree = "<group>"; };
		D4DC308D253AC17200529209 /* AutoLayoutPractice.storyboard */ = {isa = PBXFileReference; lastKnownFileType = file.storyboard; path = AutoLayoutPractice.storyboard; sourceTree = "<group>"; };
/* End PBXFileReference section */

/* Begin PBXFrameworksBuildPhase section */
		D4DC3072253ABE4700529209 /* Frameworks */ = {
			isa = PBXFrameworksBuildPhase;
			buildActionMask = 2147483647;
			files = (
			);
			runOnlyForDeploymentPostprocessing = 0;
		};
/* End PBXFrameworksBuildPhase section */

/* Begin PBXGroup section */
		D4DC306C253ABE4700529209 = {
			isa = PBXGroup;
			children = (
				D4DC3077253ABE4700529209 /* SOPT_iOS_2TH_Seminar */,
				D4DC3076253ABE4700529209 /* Products */,
			);
			sourceTree = "<group>";
		};
		D4DC3076253ABE4700529209 /* Products */ = {
			isa = PBXGroup;
			children = (
				D4DC3075253ABE4700529209 /* SOPT_iOS_2TH_Seminar.app */,
			);
			name = Products;
			sourceTree = "<group>";
		};
		D4DC3077253ABE4700529209 /* SOPT_iOS_2TH_Seminar */ = {
			isa = PBXGroup;
			children = (
				D4DC3078253ABE4700529209 /* AppDelegate.swift */,
				D4DC307A253ABE4700529209 /* SceneDelegate.swift */,
				D4DC307C253ABE4700529209 /* ViewController.swift */,
				D4DC308D253AC17200529209 /* AutoLayoutPractice.storyboard */,
				D4DC307E253ABE4700529209 /* Main.storyboard */,
				D4DC3081253ABE4700529209 /* Assets.xcassets */,
				D4DC3083253ABE4700529209 /* LaunchScreen.storyboard */,
				D4DC3086253ABE4700529209 /* Info.plist */,
			);
			path = SOPT_iOS_2TH_Seminar;
			sourceTree = "<group>";
		};
/* End PBXGroup section */

/* Begin PBXNativeTarget section */
		D4DC3074253ABE4700529209 /* SOPT_iOS_2TH_Seminar */ = {
			isa = PBXNativeTarget;
			buildConfigurationList = D4DC3089253ABE4700529209 /* Build configuration list for PBXNativeTarget "SOPT_iOS_2TH_Seminar" */;
			buildPhases = (
				D4DC3071253ABE4700529209 /* Sources */,
				D4DC3072253ABE4700529209 /* Frameworks */,
				D4DC3073253ABE4700529209 /* Resources */,
			);
			buildRules = (
			);
			dependencies = (
			);
			name = SOPT_iOS_2TH_Seminar;
			productName = SOPT_iOS_2TH_Seminar;
			productReference = D4DC3075253ABE4700529209 /* SOPT_iOS_2TH_Seminar.app */;
			productType = "com.apple.product-type.application";
		};
/* End PBXNativeTarget section */

/* Begin PBXProject section */
		D4DC306D253ABE4700529209 /* Project object */ = {
			isa = PBXProject;
			attributes = {
				LastSwiftUpdateCheck = 1200;
				LastUpgradeCheck = 1200;
				TargetAttributes = {
					D4DC3074253ABE4700529209 = {
						CreatedOnToolsVersion = 12.0.1;
					};
				};
			};
			buildConfigurationList = D4DC3070253ABE4700529209 /* Build configuration list for PBXProject "SOPT_iOS_2TH_Seminar" */;
			compatibilityVersion = "Xcode 9.3";
			developmentRegion = en;
			hasScannedForEncodings = 0;
			knownRegions = (
				en,
				Base,
			);
			mainGroup = D4DC306C253ABE4700529209;
			productRefGroup = D4DC3076253ABE4700529209 /* Products */;
			projectDirPath = "";
			projectRoot = "";
			targets = (
				D4DC3074253ABE4700529209 /* SOPT_iOS_2TH_Seminar */,
			);
		};
/* End PBXProject section */

/* Begin PBXResourcesBuildPhase section */
		D4DC3073253ABE4700529209 /* Resources */ = {
			isa = PBXResourcesBuildPhase;
			buildActionMask = 2147483647;
			files = (
				D4DC3085253ABE4700529209 /* LaunchScreen.storyboard in Resources */,
				D4DC3082253ABE4700529209 /* Assets.xcassets in Resources */,
				D4DC308E253AC17200529209 /* AutoLayoutPractice.storyboard in Resources */,
				D4DC3080253ABE4700529209 /* Main.storyboard in Resources */,
			);
			runOnlyForDeploymentPostprocessing = 0;
		};
/* End PBXResourcesBuildPhase section */

/* Begin PBXSourcesBuildPhase section */
		D4DC3071253ABE4700529209 /* Sources */ = {
			isa = PBXSourcesBuildPhase;
			buildActionMask = 2147483647;
			files = (
				D4DC307D253ABE4700529209 /* ViewController.swift in Sources */,
				D4DC3079253ABE4700529209 /* AppDelegate.swift in Sources */,
				D4DC307B253ABE4700529209 /* SceneDelegate.swift in Sources */,
			);
			runOnlyForDeploymentPostprocessing = 0;
		};
/* End PBXSourcesBuildPhase section */

/* Begin PBXVariantGroup section */
		D4DC307E253ABE4700529209 /* Main.storyboard */ = {
			isa = PBXVariantGroup;
			children = (
				D4DC307F253ABE4700529209 /* Base */,
			);
			name = Main.storyboard;
			sourceTree = "<group>";
		};
		D4DC3083253ABE4700529209 /* LaunchScreen.storyboard */ = {
			isa = PBXVariantGroup;
			children = (
				D4DC3084253ABE4700529209 /* Base */,
			);
			name = LaunchScreen.storyboard;
			sourceTree = "<group>";
		};
/* End PBXVariantGroup section */

/* Begin XCBuildConfiguration section */
		D4DC3087253ABE4700529209 /* Debug */ = {
			isa = XCBuildConfiguration;
			buildSettings = {
				ALWAYS_SEARCH_USER_PATHS = NO;
				CLANG_ANALYZER_NONNULL = YES;
				CLANG_ANALYZER_NUMBER_OBJECT_CONVERSION = YES_AGGRESSIVE;
				CLANG_CXX_LANGUAGE_STANDARD = "gnu++14";
				CLANG_CXX_LIBRARY = "libc++";
				CLANG_ENABLE_MODULES = YES;
				CLANG_ENABLE_OBJC_ARC = YES;
				CLANG_ENABLE_OBJC_WEAK = YES;
				CLANG_WARN_BLOCK_CAPTURE_AUTORELEASING = YES;
				CLANG_WARN_BOOL_CONVERSION = YES;
				CLANG_WARN_COMMA = YES;
				CLANG_WARN_CONSTANT_CONVERSION = YES;
				CLANG_WARN_DEPRECATED_OBJC_IMPLEMENTATIONS = YES;
				CLANG_WARN_DIRECT_OBJC_ISA_USAGE = YES_ERROR;
				CLANG_WARN_DOCUMENTATION_COMMENTS = YES;
				CLANG_WARN_EMPTY_BODY = YES;
				CLANG_WARN_ENUM_CONVERSION = YES;
				CLANG_WARN_INFINITE_RECURSION = YES;
				CLANG_WARN_INT_CONVERSION = YES;
				CLANG_WARN_NON_LITERAL_NULL_CONVERSION = YES;
				CLANG_WARN_OBJC_IMPLICIT_RETAIN_SELF = YES;
				CLANG_WARN_OBJC_LITERAL_CONVERSION = YES;
				CLANG_WARN_OBJC_ROOT_CLASS = YES_ERROR;
				CLANG_WARN_QUOTED_INCLUDE_IN_FRAMEWORK_HEADER = YES;
				CLANG_WARN_RANGE_LOOP_ANALYSIS = YES;
				CLANG_WARN_STRICT_PROTOTYPES = YES;
				CLANG_WARN_SUSPICIOUS_MOVE = YES;
				CLANG_WARN_UNGUARDED_AVAILABILITY = YES_AGGRESSIVE;
				CLANG_WARN_UNREACHABLE_CODE = YES;
				CLANG_WARN__DUPLICATE_METHOD_MATCH = YES;
				COPY_PHASE_STRIP = NO;
				DEBUG_INFORMATION_FORMAT = dwarf;
				ENABLE_STRICT_OBJC_MSGSEND = YES;
				ENABLE_TESTABILITY = YES;
				GCC_C_LANGUAGE_STANDARD = gnu11;
				GCC_DYNAMIC_NO_PIC = NO;
				GCC_NO_COMMON_BLOCKS = YES;
				GCC_OPTIMIZATION_LEVEL = 0;
				GCC_PREPROCESSOR_DEFINITIONS = (
					"DEBUG=1",
					"$(inherited)",
				);
				GCC_WARN_64_TO_32_BIT_CONVERSION = YES;
				GCC_WARN_ABOUT_RETURN_TYPE = YES_ERROR;
				GCC_WARN_UNDECLARED_SELECTOR = YES;
				GCC_WARN_UNINITIALIZED_AUTOS = YES_AGGRESSIVE;
				GCC_WARN_UNUSED_FUNCTION = YES;
				GCC_WARN_UNUSED_VARIABLE = YES;
				IPHONEOS_DEPLOYMENT_TARGET = 14.0;
				MTL_ENABLE_DEBUG_INFO = INCLUDE_SOURCE;
				MTL_FAST_MATH = YES;
				ONLY_ACTIVE_ARCH = YES;
				SDKROOT = iphoneos;
				SWIFT_ACTIVE_COMPILATION_CONDITIONS = DEBUG;
				SWIFT_OPTIMIZATION_LEVEL = "-Onone";
			};
			name = Debug;
		};
		D4DC3088253ABE4700529209 /* Release */ = {
			isa = XCBuildConfiguration;
			buildSettings = {
				ALWAYS_SEARCH_USER_PATHS = NO;
				CLANG_ANALYZER_NONNULL = YES;
				CLANG_ANALYZER_NUMBER_OBJECT_CONVERSION = YES_AGGRESSIVE;
				CLANG_CXX_LANGUAGE_STANDARD = "gnu++14";
				CLANG_CXX_LIBRARY = "libc++";
				CLANG_ENABLE_MODULES = YES;
				CLANG_ENABLE_OBJC_ARC = YES;
				CLANG_ENABLE_OBJC_WEAK = YES;
				CLANG_WARN_BLOCK_CAPTURE_AUTORELEASING = YES;
				CLANG_WARN_BOOL_CONVERSION = YES;
				CLANG_WARN_COMMA = YES;
				CLANG_WARN_CONSTANT_CONVERSION = YES;
				CLANG_WARN_DEPRECATED_OBJC_IMPLEMENTATIONS = YES;
				CLANG_WARN_DIRECT_OBJC_ISA_USAGE = YES_ERROR;
				CLANG_WARN_DOCUMENTATION_COMMENTS = YES;
				CLANG_WARN_EMPTY_BODY = YES;
				CLANG_WARN_ENUM_CONVERSION = YES;
				CLANG_WARN_INFINITE_RECURSION = YES;
				CLANG_WARN_INT_CONVERSION = YES;
				CLANG_WARN_NON_LITERAL_NULL_CONVERSION = YES;
				CLANG_WARN_OBJC_IMPLICIT_RETAIN_SELF = YES;
				CLANG_WARN_OBJC_LITERAL_CONVERSION = YES;
				CLANG_WARN_OBJC_ROOT_CLASS = YES_ERROR;
				CLANG_WARN_QUOTED_INCLUDE_IN_FRAMEWORK_HEADER = YES;
				CLANG_WARN_RANGE_LOOP_ANALYSIS = YES;
				CLANG_WARN_STRICT_PROTOTYPES = YES;
				CLANG_WARN_SUSPICIOUS_MOVE = YES;
				CLANG_WARN_UNGUARDED_AVAILABILITY = YES_AGGRESSIVE;
				CLANG_WARN_UNREACHABLE_CODE = YES;
				CLANG_WARN__DUPLICATE_METHOD_MATCH = YES;
				COPY_PHASE_STRIP = NO;
				DEBUG_INFORMATION_FORMAT = "dwarf-with-dsym";
				ENABLE_NS_ASSERTIONS = NO;
				ENABLE_STRICT_OBJC_MSGSEND = YES;
				GCC_C_LANGUAGE_STANDARD = gnu11;
				GCC_NO_COMMON_BLOCKS = YES;
				GCC_WARN_64_TO_32_BIT_CONVERSION = YES;
				GCC_WARN_ABOUT_RETURN_TYPE = YES_ERROR;
				GCC_WARN_UNDECLARED_SELECTOR = YES;
				GCC_WARN_UNINITIALIZED_AUTOS = YES_AGGRESSIVE;
				GCC_WARN_UNUSED_FUNCTION = YES;
				GCC_WARN_UNUSED_VARIABLE = YES;
				IPHONEOS_DEPLOYMENT_TARGET = 14.0;
				MTL_ENABLE_DEBUG_INFO = NO;
				MTL_FAST_MATH = YES;
				SDKROOT = iphoneos;
				SWIFT_COMPILATION_MODE = wholemodule;
				SWIFT_OPTIMIZATION_LEVEL = "-O";
				VALIDATE_PRODUCT = YES;
			};
			name = Release;
		};
		D4DC308A253ABE4700529209 /* Debug */ = {
			isa = XCBuildConfiguration;
			buildSettings = {
				ASSETCATALOG_COMPILER_APPICON_NAME = AppIcon;
				ASSETCATALOG_COMPILER_GLOBAL_ACCENT_COLOR_NAME = AccentColor;
				CODE_SIGN_STYLE = Automatic;
				DEVELOPMENT_TEAM = TZVHD77BLL;
				INFOPLIST_FILE = SOPT_iOS_2TH_Seminar/Info.plist;
				LD_RUNPATH_SEARCH_PATHS = (
					"$(inherited)",
					"@executable_path/Frameworks",
				);
				PRODUCT_BUNDLE_IDENTIFIER = "com.jaeyong.SOPT-iOS-2TH-Seminar";
				PRODUCT_NAME = "$(TARGET_NAME)";
				SWIFT_VERSION = 5.0;
				TARGETED_DEVICE_FAMILY = "1,2";
			};
			name = Debug;
		};
		D4DC308B253ABE4700529209 /* Release */ = {
			isa = XCBuildConfiguration;
			buildSettings = {
				ASSETCATALOG_COMPILER_APPICON_NAME = AppIcon;
				ASSETCATALOG_COMPILER_GLOBAL_ACCENT_COLOR_NAME = AccentColor;
				CODE_SIGN_STYLE = Automatic;
				DEVELOPMENT_TEAM = TZVHD77BLL;
				INFOPLIST_FILE = SOPT_iOS_2TH_Seminar/Info.plist;
				LD_RUNPATH_SEARCH_PATHS = (
					"$(inherited)",
					"@executable_path/Frameworks",
				);
				PRODUCT_BUNDLE_IDENTIFIER = "com.jaeyong.SOPT-iOS-2TH-Seminar";
				PRODUCT_NAME = "$(TARGET_NAME)";
				SWIFT_VERSION = 5.0;
				TARGETED_DEVICE_FAMILY = "1,2";
			};
			name = Release;
		};
/* End XCBuildConfiguration section */

/* Begin XCConfigurationList section */
		D4DC3070253ABE4700529209 /* Build configuration list for PBXProject "SOPT_iOS_2TH_Seminar" */ = {
			isa = XCConfigurationList;
			buildConfigurations = (
				D4DC3087253ABE4700529209 /* Debug */,
				D4DC3088253ABE4700529209 /* Release */,
			);
			defaultConfigurationIsVisible = 0;
			defaultConfigurationName = Release;
		};
		D4DC3089253ABE4700529209 /* Build configuration list for PBXNativeTarget "SOPT_iOS_2TH_Seminar" */ = {
			isa = XCConfigurationList;
			buildConfigurations = (
				D4DC308A253ABE4700529209 /* Debug */,
				D4DC308B253ABE4700529209 /* Release */,
			);
			defaultConfigurationIsVisible = 0;
			defaultConfigurationName = Release;
		};
/* End XCConfigurationList section */
	};
	rootObject = D4DC306D253ABE4700529209 /* Project object */;
}
